# This file is generated by running "yarn install" inside your project.
# Manual changes might be lost - proceed with caution!

__metadata:
  version: 6
  cacheKey: 8

"@esbuild/android-arm64@npm:0.18.11":
  version: 0.18.11
  resolution: "@esbuild/android-arm64@npm:0.18.11"
  conditions: os=android & cpu=arm64
  languageName: node
  linkType: hard

"@esbuild/android-arm@npm:0.18.11":
  version: 0.18.11
  resolution: "@esbuild/android-arm@npm:0.18.11"
  conditions: os=android & cpu=arm
  languageName: node
  linkType: hard

"@esbuild/android-x64@npm:0.18.11":
  version: 0.18.11
  resolution: "@esbuild/android-x64@npm:0.18.11"
  conditions: os=android & cpu=x64
  languageName: node
  linkType: hard

"@esbuild/darwin-arm64@npm:0.18.11":
  version: 0.18.11
  resolution: "@esbuild/darwin-arm64@npm:0.18.11"
  conditions: os=darwin & cpu=arm64
  languageName: node
  linkType: hard

"@esbuild/darwin-x64@npm:0.18.11":
  version: 0.18.11
  resolution: "@esbuild/darwin-x64@npm:0.18.11"
  conditions: os=darwin & cpu=x64
  languageName: node
  linkType: hard

"@esbuild/freebsd-arm64@npm:0.18.11":
  version: 0.18.11
  resolution: "@esbuild/freebsd-arm64@npm:0.18.11"
  conditions: os=freebsd & cpu=arm64
  languageName: node
  linkType: hard

"@esbuild/freebsd-x64@npm:0.18.11":
  version: 0.18.11
  resolution: "@esbuild/freebsd-x64@npm:0.18.11"
  conditions: os=freebsd & cpu=x64
  languageName: node
  linkType: hard

"@esbuild/linux-arm64@npm:0.18.11":
  version: 0.18.11
  resolution: "@esbuild/linux-arm64@npm:0.18.11"
  conditions: os=linux & cpu=arm64
  languageName: node
  linkType: hard

"@esbuild/linux-arm@npm:0.18.11":
  version: 0.18.11
  resolution: "@esbuild/linux-arm@npm:0.18.11"
  conditions: os=linux & cpu=arm
  languageName: node
  linkType: hard

"@esbuild/linux-ia32@npm:0.18.11":
  version: 0.18.11
  resolution: "@esbuild/linux-ia32@npm:0.18.11"
  conditions: os=linux & cpu=ia32
  languageName: node
  linkType: hard

"@esbuild/linux-loong64@npm:0.18.11":
  version: 0.18.11
  resolution: "@esbuild/linux-loong64@npm:0.18.11"
  conditions: os=linux & cpu=loong64
  languageName: node
  linkType: hard

"@esbuild/linux-mips64el@npm:0.18.11":
  version: 0.18.11
  resolution: "@esbuild/linux-mips64el@npm:0.18.11"
  conditions: os=linux & cpu=mips64el
  languageName: node
  linkType: hard

"@esbuild/linux-ppc64@npm:0.18.11":
  version: 0.18.11
  resolution: "@esbuild/linux-ppc64@npm:0.18.11"
  conditions: os=linux & cpu=ppc64
  languageName: node
  linkType: hard

"@esbuild/linux-riscv64@npm:0.18.11":
  version: 0.18.11
  resolution: "@esbuild/linux-riscv64@npm:0.18.11"
  conditions: os=linux & cpu=riscv64
  languageName: node
  linkType: hard

"@esbuild/linux-s390x@npm:0.18.11":
  version: 0.18.11
  resolution: "@esbuild/linux-s390x@npm:0.18.11"
  conditions: os=linux & cpu=s390x
  languageName: node
  linkType: hard

"@esbuild/linux-x64@npm:0.18.11":
  version: 0.18.11
  resolution: "@esbuild/linux-x64@npm:0.18.11"
  conditions: os=linux & cpu=x64
  languageName: node
  linkType: hard

"@esbuild/netbsd-x64@npm:0.18.11":
  version: 0.18.11
  resolution: "@esbuild/netbsd-x64@npm:0.18.11"
  conditions: os=netbsd & cpu=x64
  languageName: node
  linkType: hard

"@esbuild/openbsd-x64@npm:0.18.11":
  version: 0.18.11
  resolution: "@esbuild/openbsd-x64@npm:0.18.11"
  conditions: os=openbsd & cpu=x64
  languageName: node
  linkType: hard

"@esbuild/sunos-x64@npm:0.18.11":
  version: 0.18.11
  resolution: "@esbuild/sunos-x64@npm:0.18.11"
  conditions: os=sunos & cpu=x64
  languageName: node
  linkType: hard

"@esbuild/win32-arm64@npm:0.18.11":
  version: 0.18.11
  resolution: "@esbuild/win32-arm64@npm:0.18.11"
  conditions: os=win32 & cpu=arm64
  languageName: node
  linkType: hard

"@esbuild/win32-ia32@npm:0.18.11":
  version: 0.18.11
  resolution: "@esbuild/win32-ia32@npm:0.18.11"
  conditions: os=win32 & cpu=ia32
  languageName: node
  linkType: hard

"@esbuild/win32-x64@npm:0.18.11":
  version: 0.18.11
  resolution: "@esbuild/win32-x64@npm:0.18.11"
  conditions: os=win32 & cpu=x64
  languageName: node
  linkType: hard

"debug@npm:^4.3.4":
  version: 4.3.4
  resolution: "debug@npm:4.3.4"
  dependencies:
    ms: 2.1.2
  peerDependenciesMeta:
    supports-color:
      optional: true
  checksum: 3dbad3f94ea64f34431a9cbf0bafb61853eda57bff2880036153438f50fb5a84f27683ba0d8e5426bf41a8c6ff03879488120cf5b3a761e77953169c0600a708
  languageName: node
  linkType: hard

"esbuild-register@npm:^3.4.2":
  version: 3.4.2
  resolution: "esbuild-register@npm:3.4.2"
  dependencies:
    debug: ^4.3.4
  peerDependencies:
    esbuild: ">=0.12 <1"
  checksum: f65d1ccb58b1ccbba376efb1fc023abe22731d9b79eead1b0120e57d4413318f063696257a5af637b527fa1d3f009095aa6edb1bf6ff69d637a9ab281fb727b3
  languageName: node
  linkType: hard

"esbuild@npm:^0.18.11":
  version: 0.18.11
  resolution: "esbuild@npm:0.18.11"
  dependencies:
    "@esbuild/android-arm": 0.18.11
    "@esbuild/android-arm64": 0.18.11
    "@esbuild/android-x64": 0.18.11
    "@esbuild/darwin-arm64": 0.18.11
    "@esbuild/darwin-x64": 0.18.11
    "@esbuild/freebsd-arm64": 0.18.11
    "@esbuild/freebsd-x64": 0.18.11
    "@esbuild/linux-arm": 0.18.11
    "@esbuild/linux-arm64": 0.18.11
    "@esbuild/linux-ia32": 0.18.11
    "@esbuild/linux-loong64": 0.18.11
    "@esbuild/linux-mips64el": 0.18.11
    "@esbuild/linux-ppc64": 0.18.11
    "@esbuild/linux-riscv64": 0.18.11
    "@esbuild/linux-s390x": 0.18.11
    "@esbuild/linux-x64": 0.18.11
    "@esbuild/netbsd-x64": 0.18.11
    "@esbuild/openbsd-x64": 0.18.11
    "@esbuild/sunos-x64": 0.18.11
    "@esbuild/win32-arm64": 0.18.11
    "@esbuild/win32-ia32": 0.18.11
    "@esbuild/win32-x64": 0.18.11
  dependenciesMeta:
    "@esbuild/android-arm":
      optional: true
    "@esbuild/android-arm64":
      optional: true
    "@esbuild/android-x64":
      optional: true
    "@esbuild/darwin-arm64":
      optional: true
    "@esbuild/darwin-x64":
      optional: true
    "@esbuild/freebsd-arm64":
      optional: true
    "@esbuild/freebsd-x64":
      optional: true
    "@esbuild/linux-arm":
      optional: true
    "@esbuild/linux-arm64":
      optional: true
    "@esbuild/linux-ia32":
      optional: true
    "@esbuild/linux-loong64":
      optional: true
    "@esbuild/linux-mips64el":
      optional: true
    "@esbuild/linux-ppc64":
      optional: true
    "@esbuild/linux-riscv64":
      optional: true
    "@esbuild/linux-s390x":
      optional: true
    "@esbuild/linux-x64":
      optional: true
    "@esbuild/netbsd-x64":
      optional: true
    "@esbuild/openbsd-x64":
      optional: true
    "@esbuild/sunos-x64":
      optional: true
    "@esbuild/win32-arm64":
      optional: true
    "@esbuild/win32-ia32":
      optional: true
    "@esbuild/win32-x64":
      optional: true
  bin:
    esbuild: bin/esbuild
  checksum: fbd981388fe391c4f0a1b71120ca86ee75cc6de88c01bd6883f26d8450cb3beeaae602459f9a8b9dc9e026ad68b67cda2cad5f5327c9960a53fa0cb358c61d97
  languageName: node
  linkType: hard

"minimal-typescript@workspace:.":
  version: 0.0.0-use.local
  resolution: "minimal-typescript@workspace:."
  dependencies:
    esbuild: ^0.18.11
    esbuild-register: ^3.4.2
  languageName: unknown
  linkType: soft

"ms@npm:2.1.2":
  version: 2.1.2
  resolution: "ms@npm:2.1.2"
  checksum: 673cdb2c3133eb050c745908d8ce632ed2c02d85640e2edb3ace856a2266a813b30c613569bf3354fdf4ea7d1a1494add3bfa95e2713baa27d0c2c71fc44f58f
  languageName: node
  linkType: hard
