# This file is generated by running "yarn install" inside your project.
# Manual changes might be lost - proceed with caution!

__metadata:
  version: 6
  cacheKey: 8

"@esbuild/android-arm64@npm:0.18.11":
  version: 0.18.11
  resolution: "@esbuild/android-arm64@npm:0.18.11"
  conditions: os=android & cpu=arm64
  languageName: node
  linkType: hard

"@esbuild/android-arm@npm:0.18.11":
  version: 0.18.11
  resolution: "@esbuild/android-arm@npm:0.18.11"
  conditions: os=android & cpu=arm
  languageName: node
  linkType: hard

"@esbuild/android-x64@npm:0.18.11":
  version: 0.18.11
  resolution: "@esbuild/android-x64@npm:0.18.11"
  conditions: os=android & cpu=x64
  languageName: node
  linkType: hard

"@esbuild/darwin-arm64@npm:0.18.11":
  version: 0.18.11
  resolution: "@esbuild/darwin-arm64@npm:0.18.11"
  conditions: os=darwin & cpu=arm64
  languageName: node
  linkType: hard

"@esbuild/darwin-x64@npm:0.18.11":
  version: 0.18.11
  resolution: "@esbuild/darwin-x64@npm:0.18.11"
  conditions: os=darwin & cpu=x64
  languageName: node
  linkType: hard

"@esbuild/freebsd-arm64@npm:0.18.11":
  version: 0.18.11
  resolution: "@esbuild/freebsd-arm64@npm:0.18.11"
  conditions: os=freebsd & cpu=arm64
  languageName: node
  linkType: hard

"@esbuild/freebsd-x64@npm:0.18.11":
  version: 0.18.11
  resolution: "@esbuild/freebsd-x64@npm:0.18.11"
  conditions: os=freebsd & cpu=x64
  languageName: node
  linkType: hard

"@esbuild/linux-arm64@npm:0.18.11":
  version: 0.18.11
  resolution: "@esbuild/linux-arm64@npm:0.18.11"
  conditions: os=linux & cpu=arm64
  languageName: node
  linkType: hard

"@esbuild/linux-arm@npm:0.18.11":
  version: 0.18.11
  resolution: "@esbuild/linux-arm@npm:0.18.11"
  conditions: os=linux & cpu=arm
  languageName: node
  linkType: hard

"@esbuild/linux-ia32@npm:0.18.11":
  version: 0.18.11
  resolution: "@esbuild/linux-ia32@npm:0.18.11"
  conditions: os=linux & cpu=ia32
  languageName: node
  linkType: hard

"@esbuild/linux-loong64@npm:0.18.11":
  version: 0.18.11
  resolution: "@esbuild/linux-loong64@npm:0.18.11"
  conditions: os=linux & cpu=loong64
  languageName: node
  linkType: hard

"@esbuild/linux-mips64el@npm:0.18.11":
  version: 0.18.11
  resolution: "@esbuild/linux-mips64el@npm:0.18.11"
  conditions: os=linux & cpu=mips64el
  languageName: node
  linkType: hard

"@esbuild/linux-ppc64@npm:0.18.11":
  version: 0.18.11
  resolution: "@esbuild/linux-ppc64@npm:0.18.11"
  conditions: os=linux & cpu=ppc64
  languageName: node
  linkType: hard

"@esbuild/linux-riscv64@npm:0.18.11":
  version: 0.18.11
  resolution: "@esbuild/linux-riscv64@npm:0.18.11"
  conditions: os=linux & cpu=riscv64
  languageName: node
  linkType: hard

"@esbuild/linux-s390x@npm:0.18.11":
  version: 0.18.11
  resolution: "@esbuild/linux-s390x@npm:0.18.11"
  conditions: os=linux & cpu=s390x
  languageName: node
  linkType: hard

"@esbuild/linux-x64@npm:0.18.11":
  version: 0.18.11
  resolution: "@esbuild/linux-x64@npm:0.18.11"
  conditions: os=linux & cpu=x64
  languageName: node
  linkType: hard

"@esbuild/netbsd-x64@npm:0.18.11":
  version: 0.18.11
  resolution: "@esbuild/netbsd-x64@npm:0.18.11"
  conditions: os=netbsd & cpu=x64
  languageName: node
  linkType: hard

"@esbuild/openbsd-x64@npm:0.18.11":
  version: 0.18.11
  resolution: "@esbuild/openbsd-x64@npm:0.18.11"
  conditions: os=openbsd & cpu=x64
  languageName: node
  linkType: hard

"@esbuild/sunos-x64@npm:0.18.11":
  version: 0.18.11
  resolution: "@esbuild/sunos-x64@npm:0.18.11"
  conditions: os=sunos & cpu=x64
  languageName: node
  linkType: hard

"@esbuild/win32-arm64@npm:0.18.11":
  version: 0.18.11
  resolution: "@esbuild/win32-arm64@npm:0.18.11"
  conditions: os=win32 & cpu=arm64
  languageName: node
  linkType: hard

"@esbuild/win32-ia32@npm:0.18.11":
  version: 0.18.11
  resolution: "@esbuild/win32-ia32@npm:0.18.11"
  conditions: os=win32 & cpu=ia32
  languageName: node
  linkType: hard

"@esbuild/win32-x64@npm:0.18.11":
  version: 0.18.11
  resolution: "@esbuild/win32-x64@npm:0.18.11"
  conditions: os=win32 & cpu=x64
  languageName: node
  linkType: hard

"@types/audioworklet@npm:^0.0.48":
  version: 0.0.48
  resolution: "@types/audioworklet@npm:0.0.48"
  checksum: b6e915af06ae7cbb5043b0baba7778c162174dd036de4b953392d7f128e779e3c3e57d1513fef3b4bf78a67434b9f342016b467194ea1225f518f7066191541e
  languageName: node
  linkType: hard

"@types/prop-types@npm:*":
  version: 15.7.11
  resolution: "@types/prop-types@npm:15.7.11"
  checksum: 7519ff11d06fbf6b275029fe03fff9ec377b4cb6e864cac34d87d7146c7f5a7560fd164bdc1d2dbe00b60c43713631251af1fd3d34d46c69cd354602bc0c7c54
  languageName: node
  linkType: hard

"@types/react-dom@npm:^18.2.17":
  version: 18.2.17
  resolution: "@types/react-dom@npm:18.2.17"
  dependencies:
    "@types/react": "*"
  checksum: 7a4e704ed4be6e0c3ccd8a22ff69386fe548304bf4db090513f42e059ff4c65f7a427790320051524d6578a2e4c9667bb7a80a4c989b72361c019fbe851d9385
  languageName: node
  linkType: hard

"@types/react@npm:*, @types/react@npm:^18.2.39":
  version: 18.2.39
  resolution: "@types/react@npm:18.2.39"
  dependencies:
    "@types/prop-types": "*"
    "@types/scheduler": "*"
    csstype: ^3.0.2
  checksum: 9bcb1f1f060f1bf8f4730fb1c7772d0323a6e707f274efee3b976c40d92af4677df4d88e9135faaacf34e13e02f92ef24eb7d0cbcf7fb75c1883f5623ccb19f4
  languageName: node
  linkType: hard

"@types/scheduler@npm:*":
  version: 0.16.8
  resolution: "@types/scheduler@npm:0.16.8"
  checksum: 6c091b096daa490093bf30dd7947cd28e5b2cd612ec93448432b33f724b162587fed9309a0acc104d97b69b1d49a0f3fc755a62282054d62975d53d7fd13472d
  languageName: node
  linkType: hard

"csstype@npm:^3.0.2":
  version: 3.1.2
  resolution: "csstype@npm:3.1.2"
  checksum: e1a52e6c25c1314d6beef5168da704ab29c5186b877c07d822bd0806717d9a265e8493a2e35ca7e68d0f5d472d43fac1cdce70fd79fd0853dff81f3028d857b5
  languageName: node
  linkType: hard

"debug@npm:^4.3.4":
  version: 4.3.4
  resolution: "debug@npm:4.3.4"
  dependencies:
    ms: 2.1.2
  peerDependenciesMeta:
    supports-color:
      optional: true
  checksum: 3dbad3f94ea64f34431a9cbf0bafb61853eda57bff2880036153438f50fb5a84f27683ba0d8e5426bf41a8c6ff03879488120cf5b3a761e77953169c0600a708
  languageName: node
  linkType: hard

"esbuild-register@npm:^3.4.2":
  version: 3.4.2
  resolution: "esbuild-register@npm:3.4.2"
  dependencies:
    debug: ^4.3.4
  peerDependencies:
    esbuild: ">=0.12 <1"
  checksum: f65d1ccb58b1ccbba376efb1fc023abe22731d9b79eead1b0120e57d4413318f063696257a5af637b527fa1d3f009095aa6edb1bf6ff69d637a9ab281fb727b3
  languageName: node
  linkType: hard

"esbuild@npm:^0.18.11":
  version: 0.18.11
  resolution: "esbuild@npm:0.18.11"
  dependencies:
    "@esbuild/android-arm": 0.18.11
    "@esbuild/android-arm64": 0.18.11
    "@esbuild/android-x64": 0.18.11
    "@esbuild/darwin-arm64": 0.18.11
    "@esbuild/darwin-x64": 0.18.11
    "@esbuild/freebsd-arm64": 0.18.11
    "@esbuild/freebsd-x64": 0.18.11
    "@esbuild/linux-arm": 0.18.11
    "@esbuild/linux-arm64": 0.18.11
    "@esbuild/linux-ia32": 0.18.11
    "@esbuild/linux-loong64": 0.18.11
    "@esbuild/linux-mips64el": 0.18.11
    "@esbuild/linux-ppc64": 0.18.11
    "@esbuild/linux-riscv64": 0.18.11
    "@esbuild/linux-s390x": 0.18.11
    "@esbuild/linux-x64": 0.18.11
    "@esbuild/netbsd-x64": 0.18.11
    "@esbuild/openbsd-x64": 0.18.11
    "@esbuild/sunos-x64": 0.18.11
    "@esbuild/win32-arm64": 0.18.11
    "@esbuild/win32-ia32": 0.18.11
    "@esbuild/win32-x64": 0.18.11
  dependenciesMeta:
    "@esbuild/android-arm":
      optional: true
    "@esbuild/android-arm64":
      optional: true
    "@esbuild/android-x64":
      optional: true
    "@esbuild/darwin-arm64":
      optional: true
    "@esbuild/darwin-x64":
      optional: true
    "@esbuild/freebsd-arm64":
      optional: true
    "@esbuild/freebsd-x64":
      optional: true
    "@esbuild/linux-arm":
      optional: true
    "@esbuild/linux-arm64":
      optional: true
    "@esbuild/linux-ia32":
      optional: true
    "@esbuild/linux-loong64":
      optional: true
    "@esbuild/linux-mips64el":
      optional: true
    "@esbuild/linux-ppc64":
      optional: true
    "@esbuild/linux-riscv64":
      optional: true
    "@esbuild/linux-s390x":
      optional: true
    "@esbuild/linux-x64":
      optional: true
    "@esbuild/netbsd-x64":
      optional: true
    "@esbuild/openbsd-x64":
      optional: true
    "@esbuild/sunos-x64":
      optional: true
    "@esbuild/win32-arm64":
      optional: true
    "@esbuild/win32-ia32":
      optional: true
    "@esbuild/win32-x64":
      optional: true
  bin:
    esbuild: bin/esbuild
  checksum: fbd981388fe391c4f0a1b71120ca86ee75cc6de88c01bd6883f26d8450cb3beeaae602459f9a8b9dc9e026ad68b67cda2cad5f5327c9960a53fa0cb358c61d97
  languageName: node
  linkType: hard

"js-tokens@npm:^3.0.0 || ^4.0.0":
  version: 4.0.0
  resolution: "js-tokens@npm:4.0.0"
  checksum: 8a95213a5a77deb6cbe94d86340e8d9ace2b93bc367790b260101d2f36a2eaf4e4e22d9fa9cf459b38af3a32fb4190e638024cf82ec95ef708680e405ea7cc78
  languageName: node
  linkType: hard

"loose-envify@npm:^1.1.0":
  version: 1.4.0
  resolution: "loose-envify@npm:1.4.0"
  dependencies:
    js-tokens: ^3.0.0 || ^4.0.0
  bin:
    loose-envify: cli.js
  checksum: 6517e24e0cad87ec9888f500c5b5947032cdfe6ef65e1c1936a0c48a524b81e65542c9c3edc91c97d5bddc806ee2a985dbc79be89215d613b1de5db6d1cfe6f4
  languageName: node
  linkType: hard

"minimal-typescript@workspace:.":
  version: 0.0.0-use.local
  resolution: "minimal-typescript@workspace:."
  dependencies:
    "@types/audioworklet": ^0.0.48
    "@types/react": ^18.2.39
    "@types/react-dom": ^18.2.17
    esbuild: ^0.18.11
    esbuild-register: ^3.4.2
    react: ^18.2.0
    react-dom: ^18.2.0
    typescript: ^5.3.2
  languageName: unknown
  linkType: soft

"ms@npm:2.1.2":
  version: 2.1.2
  resolution: "ms@npm:2.1.2"
  checksum: 673cdb2c3133eb050c745908d8ce632ed2c02d85640e2edb3ace856a2266a813b30c613569bf3354fdf4ea7d1a1494add3bfa95e2713baa27d0c2c71fc44f58f
  languageName: node
  linkType: hard

"react-dom@npm:^18.2.0":
  version: 18.2.0
  resolution: "react-dom@npm:18.2.0"
  dependencies:
    loose-envify: ^1.1.0
    scheduler: ^0.23.0
  peerDependencies:
    react: ^18.2.0
  checksum: 7d323310bea3a91be2965f9468d552f201b1c27891e45ddc2d6b8f717680c95a75ae0bc1e3f5cf41472446a2589a75aed4483aee8169287909fcd59ad149e8cc
  languageName: node
  linkType: hard

"react@npm:^18.2.0":
  version: 18.2.0
  resolution: "react@npm:18.2.0"
  dependencies:
    loose-envify: ^1.1.0
  checksum: 88e38092da8839b830cda6feef2e8505dec8ace60579e46aa5490fc3dc9bba0bd50336507dc166f43e3afc1c42939c09fe33b25fae889d6f402721dcd78fca1b
  languageName: node
  linkType: hard

"scheduler@npm:^0.23.0":
  version: 0.23.0
  resolution: "scheduler@npm:0.23.0"
  dependencies:
    loose-envify: ^1.1.0
  checksum: d79192eeaa12abef860c195ea45d37cbf2bbf5f66e3c4dcd16f54a7da53b17788a70d109ee3d3dde1a0fd50e6a8fc171f4300356c5aee4fc0171de526bf35f8a
  languageName: node
  linkType: hard

"typescript@npm:^5.3.2":
  version: 5.3.2
  resolution: "typescript@npm:5.3.2"
  bin:
    tsc: bin/tsc
    tsserver: bin/tsserver
  checksum: d92534dda639eb825db013203404c1fabca8ac630564283c9e7dc9e64fd9c9346c2de95ecebdf3e6e8c1c32941bca1cfe0da37877611feb9daf8feeaea58d230
  languageName: node
  linkType: hard

"typescript@patch:typescript@^5.3.2#~builtin<compat/typescript>":
  version: 5.3.2
  resolution: "typescript@patch:typescript@npm%3A5.3.2#~builtin<compat/typescript>::version=5.3.2&hash=14eedb"
  bin:
    tsc: bin/tsc
    tsserver: bin/tsserver
  checksum: c034461079fbfde3cb584ddee52afccb15b6e32a0ce186d0b2719968786f7ca73e1b07f71fac4163088790b16811c6ccf79680de190664ef66ff0ba9c1fe4a23
  languageName: node
  linkType: hard
